
Microsoft Visual Studio Solution File, Format Version 12.00
# Visual Studio Version 16
VisualStudioVersion = 16.0.33801.447
MinimumVisualStudioVersion = 10.0.40219.1
Project("{FAE04EC0-301F-11D3-BF4B-00C04F79EFBC}") = "backend", "backend.csproj", "{A274C4D2-45E8-482F-8F12-8CC3CF81D864}"
EndProject
Global
	GlobalSection(SolutionConfigurationPlatforms) = preSolution
		Debug|Any CPU = Debug|Any CPU
		Release|Any CPU = Release|Any CPU
	EndGlobalSection
	GlobalSection(ProjectConfigurationPlatforms) = postSolution
		{A274C4D2-45E8-482F-8F12-8CC3CF81D864}.Debug|Any CPU.ActiveCfg = Debug|Any CPU
		{A274C4D2-45E8-482F-8F12-8CC3CF81D864}.Debug|Any CPU.Build.0 = Debug|Any CPU
		{A274C4D2-45E8-482F-8F12-8CC3CF81D864}.Release|Any CPU.ActiveCfg = Release|Any CPU
		{A274C4D2-45E8-482F-8F12-8CC3CF81D864}.Release|Any CPU.Build.0 = Release|Any CPU
	EndGlobalSection
	GlobalSection(SolutionProperties) = preSolution
		HideSolutionNode = FALSE
	EndGlobalSection
	GlobalSection(ExtensibilityGlobals) = postSolution
		SolutionGuid = {501394E4-CF1C-48B1-A785-519C04738C75}
	EndGlobalSection
EndGlobal
